
Microsoft Visual Studio Solution File, Format Version 10.00
# Visual Studio 2008
Project("{8BC9CEB8-8B4A-11D0-8D11-00A0C91BC942}") = "Grafica5", "Grafica5\Grafica5.vcproj", "{28EC7722-1D11-4A77-87FC-C5315DDD4E7D}"
EndProject
Global
	GlobalSection(SolutionConfigurationPlatforms) = preSolution
		Debug|Win32 = Debug|Win32
		Release|Win32 = Release|Win32
	EndGlobalSection
	GlobalSection(ProjectConfigurationPlatforms) = postSolution
		{28EC7722-1D11-4A77-87FC-C5315DDD4E7D}.Debug|Win32.ActiveCfg = Debug|Win32
		{28EC7722-1D11-4A77-87FC-C5315DDD4E7D}.Debug|Win32.Build.0 = Debug|Win32
		{28EC7722-1D11-4A77-87FC-C5315DDD4E7D}.Release|Win32.ActiveCfg = Release|Win32
		{28EC7722-1D11-4A77-87FC-C5315DDD4E7D}.Release|Win32.Build.0 = Release|Win32
	EndGlobalSection
	GlobalSection(SolutionProperties) = preSolution
		HideSolutionNode = FALSE
	EndGlobalSection
EndGlobal
